// !$*UTF8*$!
{
	archiveVersion = 1;
	classes = {
	};
	objectVersion = 46;
	objects = {

/* Begin PBXBuildFile section */
		FA0A0D771D5FB07A00878046 /* Extensions.swift in Sources */ = {isa = PBXBuildFile; fileRef = FA0A0D761D5FB07A00878046 /* Extensions.swift */; };
		FA0A0D791D5FB08A00878046 /* Models.swift in Sources */ = {isa = PBXBuildFile; fileRef = FA0A0D781D5FB08A00878046 /* Models.swift */; };
		FA0D45581D610BB500B7C721 /* SceneCache.swift in Sources */ = {isa = PBXBuildFile; fileRef = FA0D45571D610BB500B7C721 /* SceneCache.swift */; };
		FA177F8D1E3534B2009FA6D7 /* Script.swift in Sources */ = {isa = PBXBuildFile; fileRef = FA177F8C1E3534B2009FA6D7 /* Script.swift */; };
		FA2FE8B9200FD1650057A80E /* Aurora.ttf in Resources */ = {isa = PBXBuildFile; fileRef = FA2FE8B8200FD1650057A80E /* Aurora.ttf */; };
		FA2FE8BA200FD1650057A80E /* Aurora.ttf in Resources */ = {isa = PBXBuildFile; fileRef = FA2FE8B8200FD1650057A80E /* Aurora.ttf */; };
		FA2FE8BD200FE4610057A80E /* GameManager.swift in Sources */ = {isa = PBXBuildFile; fileRef = FA2FE8BC200FE4610057A80E /* GameManager.swift */; };
		FA2FE8BE200FE4610057A80E /* GameManager.swift in Sources */ = {isa = PBXBuildFile; fileRef = FA2FE8BC200FE4610057A80E /* GameManager.swift */; };
		FA2FE8C0200FEA2A0057A80E /* MainMenu.swift in Sources */ = {isa = PBXBuildFile; fileRef = FA2FE8BF200FEA2A0057A80E /* MainMenu.swift */; };
		FA2FE8C1200FEA2A0057A80E /* MainMenu.swift in Sources */ = {isa = PBXBuildFile; fileRef = FA2FE8BF200FEA2A0057A80E /* MainMenu.swift */; };
		FA355C44200923E600512DC0 /* GameViewController.swift in Sources */ = {isa = PBXBuildFile; fileRef = FA355C3A200923E500512DC0 /* GameViewController.swift */; };
		FA355C46200923E600512DC0 /* AppDelegate.swift in Sources */ = {isa = PBXBuildFile; fileRef = FA355C3C200923E500512DC0 /* AppDelegate.swift */; };
		FA355C47200923E600512DC0 /* Assets.xcassets in Resources */ = {isa = PBXBuildFile; fileRef = FA355C3E200923E600512DC0 /* Assets.xcassets */; };
		FA355C48200923E600512DC0 /* LaunchScreen.storyboard in Resources */ = {isa = PBXBuildFile; fileRef = FA355C3F200923E600512DC0 /* LaunchScreen.storyboard */; };
		FA355C49200923E600512DC0 /* Main.storyboard in Resources */ = {isa = PBXBuildFile; fileRef = FA355C41200923E600512DC0 /* Main.storyboard */; };
		FA355C532009241000512DC0 /* GameViewController.swift in Sources */ = {isa = PBXBuildFile; fileRef = FA355C4C2009241000512DC0 /* GameViewController.swift */; };
		FA355C542009241000512DC0 /* AppDelegate.swift in Sources */ = {isa = PBXBuildFile; fileRef = FA355C4D2009241000512DC0 /* AppDelegate.swift */; };
		FA355C552009241000512DC0 /* Assets.xcassets in Resources */ = {isa = PBXBuildFile; fileRef = FA355C4F2009241000512DC0 /* Assets.xcassets */; };
		FA355C562009241000512DC0 /* MainMenu.xib in Resources */ = {isa = PBXBuildFile; fileRef = FA355C502009241000512DC0 /* MainMenu.xib */; };
		FA355C5920092BC800512DC0 /* CMAcceleration.swift in Sources */ = {isa = PBXBuildFile; fileRef = FA355C5820092BC800512DC0 /* CMAcceleration.swift */; };
		FA355C5A20092BC800512DC0 /* CMAcceleration.swift in Sources */ = {isa = PBXBuildFile; fileRef = FA355C5820092BC800512DC0 /* CMAcceleration.swift */; };
		FA37F09F204C8A68001FF8A7 /* ModelMesh.swift in Sources */ = {isa = PBXBuildFile; fileRef = FA37F09E204C8A68001FF8A7 /* ModelMesh.swift */; };
		FA37F0A0204C8A68001FF8A7 /* ModelMesh.swift in Sources */ = {isa = PBXBuildFile; fileRef = FA37F09E204C8A68001FF8A7 /* ModelMesh.swift */; };
		FA37F0A2204C8B08001FF8A7 /* ModelMorph.swift in Sources */ = {isa = PBXBuildFile; fileRef = FA37F0A1204C8B08001FF8A7 /* ModelMorph.swift */; };
		FA37F0A3204C8B08001FF8A7 /* ModelMorph.swift in Sources */ = {isa = PBXBuildFile; fileRef = FA37F0A1204C8B08001FF8A7 /* ModelMorph.swift */; };
		FA37F0A5204C8B68001FF8A7 /* ModelObject.swift in Sources */ = {isa = PBXBuildFile; fileRef = FA37F0A4204C8B68001FF8A7 /* ModelObject.swift */; };
		FA37F0A6204C8B68001FF8A7 /* ModelObject.swift in Sources */ = {isa = PBXBuildFile; fileRef = FA37F0A4204C8B68001FF8A7 /* ModelObject.swift */; };
		FA4B74152006427E00E0A66F /* Record.swift in Sources */ = {isa = PBXBuildFile; fileRef = FA4B74142006427E00E0A66F /* Record.swift */; };
		FA4B74162006428200E0A66F /* Record.swift in Sources */ = {isa = PBXBuildFile; fileRef = FA4B74142006427E00E0A66F /* Record.swift */; };
		FA4B7418200812D100E0A66F /* Vehicle.swift in Sources */ = {isa = PBXBuildFile; fileRef = FA4B7417200812D100E0A66F /* Vehicle.swift */; };
		FA4B7419200812D200E0A66F /* Vehicle.swift in Sources */ = {isa = PBXBuildFile; fileRef = FA4B7417200812D100E0A66F /* Vehicle.swift */; };
		FA50107D20018F2D00B24CE6 /* Collisions.swift in Sources */ = {isa = PBXBuildFile; fileRef = FAFE4FAB1D75E95A00BB2FB0 /* Collisions.swift */; };
		FA50107E20018F2D00B24CE6 /* Script.swift in Sources */ = {isa = PBXBuildFile; fileRef = FA177F8C1E3534B2009FA6D7 /* Script.swift */; };
		FA518F2A200F6467004069D4 /* AnimationFace.swift in Sources */ = {isa = PBXBuildFile; fileRef = FA518F29200F6467004069D4 /* AnimationFace.swift */; };
		FA518F2B200F6467004069D4 /* AnimationFace.swift in Sources */ = {isa = PBXBuildFile; fileRef = FA518F29200F6467004069D4 /* AnimationFace.swift */; };
		FA518F2D200F64E0004069D4 /* AnimationPosition.swift in Sources */ = {isa = PBXBuildFile; fileRef = FA518F2C200F64E0004069D4 /* AnimationPosition.swift */; };
		FA518F2E200F64E0004069D4 /* AnimationPosition.swift in Sources */ = {isa = PBXBuildFile; fileRef = FA518F2C200F64E0004069D4 /* AnimationPosition.swift */; };
		FA518F34200FCB17004069D4 /* LoadingScene.swift in Sources */ = {isa = PBXBuildFile; fileRef = FA518F33200FCB17004069D4 /* LoadingScene.swift */; };
		FA518F35200FCB17004069D4 /* LoadingScene.swift in Sources */ = {isa = PBXBuildFile; fileRef = FA518F33200FCB17004069D4 /* LoadingScene.swift */; };
		FA6ABE92200818B100BB3BBD /* HudScene.swift in Sources */ = {isa = PBXBuildFile; fileRef = FA6ABE91200818B100BB3BBD /* HudScene.swift */; };
		FA6ABE93200818B100BB3BBD /* HudScene.swift in Sources */ = {isa = PBXBuildFile; fileRef = FA6ABE91200818B100BB3BBD /* HudScene.swift */; };
		FA6ABE95200819FE00BB3BBD /* Game.swift in Sources */ = {isa = PBXBuildFile; fileRef = FA6ABE94200819FE00BB3BBD /* Game.swift */; };
		FA6ABE96200819FE00BB3BBD /* Game.swift in Sources */ = {isa = PBXBuildFile; fileRef = FA6ABE94200819FE00BB3BBD /* Game.swift */; };
		FA6ABE9920081A7A00BB3BBD /* Action.swift in Sources */ = {isa = PBXBuildFile; fileRef = FA6ABE9820081A7A00BB3BBD /* Action.swift */; };
		FA6ABE9A20081A7A00BB3BBD /* Action.swift in Sources */ = {isa = PBXBuildFile; fileRef = FA6ABE9820081A7A00BB3BBD /* Action.swift */; };
		FA6DAAF51D67709C002017DE /* Extensions.swift in Sources */ = {isa = PBXBuildFile; fileRef = FA0A0D761D5FB07A00878046 /* Extensions.swift */; };
		FA6DAAF61D67709C002017DE /* Models.swift in Sources */ = {isa = PBXBuildFile; fileRef = FA0A0D781D5FB08A00878046 /* Models.swift */; };
		FA6DAAF71D67709C002017DE /* AnimationLoader.swift in Sources */ = {isa = PBXBuildFile; fileRef = FABC74BB1D63AAB3009A0F1A /* AnimationLoader.swift */; };
		FA6DAAF81D67709C002017DE /* Scene.swift in Sources */ = {isa = PBXBuildFile; fileRef = FAFBDFC11D607F5B008523A9 /* Scene.swift */; };
		FA6DAAF91D67709C002017DE /* SceneCache.swift in Sources */ = {isa = PBXBuildFile; fileRef = FA0D45571D610BB500B7C721 /* SceneCache.swift */; };
		FA6DAAFA1D67709C002017DE /* TextDb.swift in Sources */ = {isa = PBXBuildFile; fileRef = FABBB1A11D621E49006A39F8 /* TextDb.swift */; };
		FA7E391020013DCC00C86A72 /* Sound.swift in Sources */ = {isa = PBXBuildFile; fileRef = FA7E390F20013DCC00C86A72 /* Sound.swift */; };
		FA7E391120013DCC00C86A72 /* Sound.swift in Sources */ = {isa = PBXBuildFile; fileRef = FA7E390F20013DCC00C86A72 /* Sound.swift */; };
		FA9C95F22001B865005FBB66 /* ScriptArgs.swift in Sources */ = {isa = PBXBuildFile; fileRef = FA9C95F12001B865005FBB66 /* ScriptArgs.swift */; };
		FA9C95F32001B8AC005FBB66 /* ScriptArgs.swift in Sources */ = {isa = PBXBuildFile; fileRef = FA9C95F12001B865005FBB66 /* ScriptArgs.swift */; };
		FA9C95F52001B967005FBB66 /* ScriptExec.swift in Sources */ = {isa = PBXBuildFile; fileRef = FA9C95F42001B967005FBB66 /* ScriptExec.swift */; };
		FA9C95F62001B967005FBB66 /* ScriptExec.swift in Sources */ = {isa = PBXBuildFile; fileRef = FA9C95F42001B967005FBB66 /* ScriptExec.swift */; };
		FA9C95F92002A544005FBB66 /* Weapon.swift in Sources */ = {isa = PBXBuildFile; fileRef = FA9C95F82002A544005FBB66 /* Weapon.swift */; };
		FA9C95FA2002A545005FBB66 /* Weapon.swift in Sources */ = {isa = PBXBuildFile; fileRef = FA9C95F82002A544005FBB66 /* Weapon.swift */; };
		FA9C95FC2002E1EB005FBB66 /* Control.swift in Sources */ = {isa = PBXBuildFile; fileRef = FA9C95FB2002E1EB005FBB66 /* Control.swift */; };
		FA9C95FD2002E1EB005FBB66 /* Control.swift in Sources */ = {isa = PBXBuildFile; fileRef = FA9C95FB2002E1EB005FBB66 /* Control.swift */; };
		FABBB1A21D621E49006A39F8 /* TextDb.swift in Sources */ = {isa = PBXBuildFile; fileRef = FABBB1A11D621E49006A39F8 /* TextDb.swift */; };
		FABC74BC1D63AAB3009A0F1A /* AnimationLoader.swift in Sources */ = {isa = PBXBuildFile; fileRef = FABC74BB1D63AAB3009A0F1A /* AnimationLoader.swift */; };
		FAFBDFC21D607F5B008523A9 /* Scene.swift in Sources */ = {isa = PBXBuildFile; fileRef = FAFBDFC11D607F5B008523A9 /* Scene.swift */; };
		FAFE4FAC1D75E95A00BB2FB0 /* Collisions.swift in Sources */ = {isa = PBXBuildFile; fileRef = FAFE4FAB1D75E95A00BB2FB0 /* Collisions.swift */; };
/* End PBXBuildFile section */

/* Begin PBXCopyFilesBuildPhase section */
		FA9304681D79F6DD006EA945 /* Embed Watch Content */ = {
			isa = PBXCopyFilesBuildPhase;
			buildActionMask = 2147483647;
			dstPath = "$(CONTENTS_FOLDER_PATH)/Watch";
			dstSubfolderSpec = 16;
			files = (
			);
			name = "Embed Watch Content";
			runOnlyForDeploymentPostprocessing = 0;
		};
/* End PBXCopyFilesBuildPhase section */

/* Begin PBXFileReference section */
		FA0A0D601D5FB07100878046 /* Mafia-Mac.app */ = {isa = PBXFileReference; explicitFileType = wrapper.application; includeInIndex = 0; path = "Mafia-Mac.app"; sourceTree = BUILT_PRODUCTS_DIR; };
		FA0A0D761D5FB07A00878046 /* Extensions.swift */ = {isa = PBXFileReference; fileEncoding = 4; lastKnownFileType = sourcecode.swift; path = Extensions.swift; sourceTree = "<group>"; };
		FA0A0D781D5FB08A00878046 /* Models.swift */ = {isa = PBXFileReference; fileEncoding = 4; lastKnownFileType = sourcecode.swift; path = Models.swift; sourceTree = "<group>"; };
		FA0D45571D610BB500B7C721 /* SceneCache.swift */ = {isa = PBXFileReference; fileEncoding = 4; lastKnownFileType = sourcecode.swift; path = SceneCache.swift; sourceTree = "<group>"; };
		FA177F8C1E3534B2009FA6D7 /* Script.swift */ = {isa = PBXFileReference; fileEncoding = 4; lastKnownFileType = sourcecode.swift; path = Script.swift; sourceTree = "<group>"; };
		FA2FE8B8200FD1650057A80E /* Aurora.ttf */ = {isa = PBXFileReference; lastKnownFileType = file; path = Aurora.ttf; sourceTree = "<group>"; };
		FA2FE8BC200FE4610057A80E /* GameManager.swift */ = {isa = PBXFileReference; lastKnownFileType = sourcecode.swift; path = GameManager.swift; sourceTree = "<group>"; };
		FA2FE8BF200FEA2A0057A80E /* MainMenu.swift */ = {isa = PBXFileReference; lastKnownFileType = sourcecode.swift; path = MainMenu.swift; sourceTree = "<group>"; };
		FA355C3A200923E500512DC0 /* GameViewController.swift */ = {isa = PBXFileReference; fileEncoding = 4; lastKnownFileType = sourcecode.swift; path = GameViewController.swift; sourceTree = "<group>"; };
		FA355C3C200923E500512DC0 /* AppDelegate.swift */ = {isa = PBXFileReference; fileEncoding = 4; lastKnownFileType = sourcecode.swift; path = AppDelegate.swift; sourceTree = "<group>"; };
		FA355C3E200923E600512DC0 /* Assets.xcassets */ = {isa = PBXFileReference; lastKnownFileType = folder.assetcatalog; path = Assets.xcassets; sourceTree = "<group>"; };
		FA355C40200923E600512DC0 /* Base */ = {isa = PBXFileReference; lastKnownFileType = file.storyboard; name = Base; path = Base.lproj/LaunchScreen.storyboard; sourceTree = "<group>"; };
		FA355C42200923E600512DC0 /* Base */ = {isa = PBXFileReference; lastKnownFileType = file.storyboard; name = Base; path = Base.lproj/Main.storyboard; sourceTree = "<group>"; };
		FA355C43200923E600512DC0 /* Info.plist */ = {isa = PBXFileReference; fileEncoding = 4; lastKnownFileType = text.plist.xml; path = Info.plist; sourceTree = "<group>"; };
		FA355C4C2009241000512DC0 /* GameViewController.swift */ = {isa = PBXFileReference; fileEncoding = 4; lastKnownFileType = sourcecode.swift; path = GameViewController.swift; sourceTree = "<group>"; };
		FA355C4D2009241000512DC0 /* AppDelegate.swift */ = {isa = PBXFileReference; fileEncoding = 4; lastKnownFileType = sourcecode.swift; path = AppDelegate.swift; sourceTree = "<group>"; };
		FA355C4F2009241000512DC0 /* Assets.xcassets */ = {isa = PBXFileReference; lastKnownFileType = folder.assetcatalog; path = Assets.xcassets; sourceTree = "<group>"; };
		FA355C512009241000512DC0 /* Base */ = {isa = PBXFileReference; lastKnownFileType = file.xib; name = Base; path = Base.lproj/MainMenu.xib; sourceTree = "<group>"; };
		FA355C522009241000512DC0 /* Info.plist */ = {isa = PBXFileReference; fileEncoding = 4; lastKnownFileType = text.plist.xml; path = Info.plist; sourceTree = "<group>"; };
		FA355C5820092BC800512DC0 /* CMAcceleration.swift */ = {isa = PBXFileReference; lastKnownFileType = sourcecode.swift; path = CMAcceleration.swift; sourceTree = "<group>"; };
		FA37F09E204C8A68001FF8A7 /* ModelMesh.swift */ = {isa = PBXFileReference; lastKnownFileType = sourcecode.swift; path = ModelMesh.swift; sourceTree = "<group>"; };
		FA37F0A1204C8B08001FF8A7 /* ModelMorph.swift */ = {isa = PBXFileReference; lastKnownFileType = sourcecode.swift; path = ModelMorph.swift; sourceTree = "<group>"; };
		FA37F0A4204C8B68001FF8A7 /* ModelObject.swift */ = {isa = PBXFileReference; lastKnownFileType = sourcecode.swift; path = ModelObject.swift; sourceTree = "<group>"; };
		FA4B74142006427E00E0A66F /* Record.swift */ = {isa = PBXFileReference; lastKnownFileType = sourcecode.swift; path = Record.swift; sourceTree = "<group>"; };
		FA4B7417200812D100E0A66F /* Vehicle.swift */ = {isa = PBXFileReference; lastKnownFileType = sourcecode.swift; path = Vehicle.swift; sourceTree = "<group>"; };
		FA518F29200F6467004069D4 /* AnimationFace.swift */ = {isa = PBXFileReference; lastKnownFileType = sourcecode.swift; path = AnimationFace.swift; sourceTree = "<group>"; };
		FA518F2C200F64E0004069D4 /* AnimationPosition.swift */ = {isa = PBXFileReference; lastKnownFileType = sourcecode.swift; path = AnimationPosition.swift; sourceTree = "<group>"; };
		FA518F33200FCB17004069D4 /* LoadingScene.swift */ = {isa = PBXFileReference; lastKnownFileType = sourcecode.swift; path = LoadingScene.swift; sourceTree = "<group>"; };
		FA6ABE91200818B100BB3BBD /* HudScene.swift */ = {isa = PBXFileReference; lastKnownFileType = sourcecode.swift; path = HudScene.swift; sourceTree = "<group>"; };
		FA6ABE94200819FE00BB3BBD /* Game.swift */ = {isa = PBXFileReference; lastKnownFileType = sourcecode.swift; path = Game.swift; sourceTree = "<group>"; };
		FA6ABE9820081A7A00BB3BBD /* Action.swift */ = {isa = PBXFileReference; lastKnownFileType = sourcecode.swift; path = Action.swift; sourceTree = "<group>"; };
		FA6DAAE11D67708E002017DE /* Mafia-iOS.app */ = {isa = PBXFileReference; explicitFileType = wrapper.application; includeInIndex = 0; path = "Mafia-iOS.app"; sourceTree = BUILT_PRODUCTS_DIR; };
		FA7E390F20013DCC00C86A72 /* Sound.swift */ = {isa = PBXFileReference; lastKnownFileType = sourcecode.swift; path = Sound.swift; sourceTree = "<group>"; };
		FA9C95F12001B865005FBB66 /* ScriptArgs.swift */ = {isa = PBXFileReference; lastKnownFileType = sourcecode.swift; path = ScriptArgs.swift; sourceTree = "<group>"; };
		FA9C95F42001B967005FBB66 /* ScriptExec.swift */ = {isa = PBXFileReference; lastKnownFileType = sourcecode.swift; path = ScriptExec.swift; sourceTree = "<group>"; };
		FA9C95F82002A544005FBB66 /* Weapon.swift */ = {isa = PBXFileReference; lastKnownFileType = sourcecode.swift; path = Weapon.swift; sourceTree = "<group>"; };
		FA9C95FB2002E1EB005FBB66 /* Control.swift */ = {isa = PBXFileReference; lastKnownFileType = sourcecode.swift; path = Control.swift; sourceTree = "<group>"; };
		FABBB1A11D621E49006A39F8 /* TextDb.swift */ = {isa = PBXFileReference; fileEncoding = 4; lastKnownFileType = sourcecode.swift; path = TextDb.swift; sourceTree = "<group>"; };
		FABC74BB1D63AAB3009A0F1A /* AnimationLoader.swift */ = {isa = PBXFileReference; fileEncoding = 4; lastKnownFileType = sourcecode.swift; path = AnimationLoader.swift; sourceTree = "<group>"; };
		FAFBDFC11D607F5B008523A9 /* Scene.swift */ = {isa = PBXFileReference; fileEncoding = 4; lastKnownFileType = sourcecode.swift; path = Scene.swift; sourceTree = "<group>"; };
		FAFE4FAB1D75E95A00BB2FB0 /* Collisions.swift */ = {isa = PBXFileReference; fileEncoding = 4; lastKnownFileType = sourcecode.swift; path = Collisions.swift; sourceTree = "<group>"; };
/* End PBXFileReference section */

/* Begin PBXFrameworksBuildPhase section */
		FA0A0D5D1D5FB07100878046 /* Frameworks */ = {
			isa = PBXFrameworksBuildPhase;
			buildActionMask = 2147483647;
			files = (
			);
			runOnlyForDeploymentPostprocessing = 0;
		};
		FA6DAADE1D67708E002017DE /* Frameworks */ = {
			isa = PBXFrameworksBuildPhase;
			buildActionMask = 2147483647;
			files = (
			);
			runOnlyForDeploymentPostprocessing = 0;
		};
/* End PBXFrameworksBuildPhase section */

/* Begin PBXGroup section */
		FA0A0D571D5FB07100878046 = {
			isa = PBXGroup;
			children = (
				FA0A0D621D5FB07100878046 /* Mafia */,
				FA355C2B200922FF00512DC0 /* Mafia-Mac */,
				FA6DAAE21D67708E002017DE /* Mafia-iOS */,
				FA0A0D611D5FB07100878046 /* Products */,
			);
			sourceTree = "<group>";
		};
		FA0A0D611D5FB07100878046 /* Products */ = {
			isa = PBXGroup;
			children = (
				FA0A0D601D5FB07100878046 /* Mafia-Mac.app */,
				FA6DAAE11D67708E002017DE /* Mafia-iOS.app */,
			);
			name = Products;
			sourceTree = "<group>";
		};
		FA0A0D621D5FB07100878046 /* Mafia */ = {
			isa = PBXGroup;
			children = (
				FA6ABE9F20081B3000BB3BBD /* Utilities */,
				FA2FE8BB200FE4510057A80E /* Game Manager */,
				FA6ABE9E20081AF300BB3BBD /* HUD */,
				FA6ABE9720081A5900BB3BBD /* Game */,
				FA37F09D204C8A4F001FF8A7 /* Models */,
				FA6ABE9D20081ADE00BB3BBD /* Scene */,
				FA6ABE9C20081ACD00BB3BBD /* Scripts */,
				FA2FE8B7200FD1490057A80E /* Resources */,
			);
			path = Mafia;
			sourceTree = "<group>";
		};
		FA2FE8B7200FD1490057A80E /* Resources */ = {
			isa = PBXGroup;
			children = (
				FA2FE8B8200FD1650057A80E /* Aurora.ttf */,
			);
			path = Resources;
			sourceTree = "<group>";
		};
		FA2FE8BB200FE4510057A80E /* Game Manager */ = {
			isa = PBXGroup;
			children = (
				FA2FE8BC200FE4610057A80E /* GameManager.swift */,
				FA2FE8BF200FEA2A0057A80E /* MainMenu.swift */,
			);
			path = "Game Manager";
			sourceTree = "<group>";
		};
		FA355C2B200922FF00512DC0 /* Mafia-Mac */ = {
			isa = PBXGroup;
			children = (
				FA355C4B2009241000512DC0 /* Classes */,
				FA355C4E2009241000512DC0 /* Resources */,
			);
			path = "Mafia-Mac";
			sourceTree = "<group>";
		};
		FA355C39200923E500512DC0 /* Classes */ = {
			isa = PBXGroup;
			children = (
				FA355C3C200923E500512DC0 /* AppDelegate.swift */,
				FA355C3A200923E500512DC0 /* GameViewController.swift */,
			);
			path = Classes;
			sourceTree = "<group>";
		};
		FA355C3D200923E600512DC0 /* Resources */ = {
			isa = PBXGroup;
			children = (
				FA355C3E200923E600512DC0 /* Assets.xcassets */,
				FA355C3F200923E600512DC0 /* LaunchScreen.storyboard */,
				FA355C41200923E600512DC0 /* Main.storyboard */,
				FA355C43200923E600512DC0 /* Info.plist */,
			);
			path = Resources;
			sourceTree = "<group>";
		};
		FA355C4B2009241000512DC0 /* Classes */ = {
			isa = PBXGroup;
			children = (
				FA355C4D2009241000512DC0 /* AppDelegate.swift */,
				FA355C4C2009241000512DC0 /* GameViewController.swift */,
			);
			path = Classes;
			sourceTree = "<group>";
		};
		FA355C4E2009241000512DC0 /* Resources */ = {
			isa = PBXGroup;
			children = (
				FA355C4F2009241000512DC0 /* Assets.xcassets */,
				FA355C502009241000512DC0 /* MainMenu.xib */,
				FA355C522009241000512DC0 /* Info.plist */,
			);
			path = Resources;
			sourceTree = "<group>";
		};
		FA37F09D204C8A4F001FF8A7 /* Models */ = {
			isa = PBXGroup;
			children = (
				FA0A0D781D5FB08A00878046 /* Models.swift */,
				FA37F0A4204C8B68001FF8A7 /* ModelObject.swift */,
				FA37F09E204C8A68001FF8A7 /* ModelMesh.swift */,
				FA37F0A1204C8B08001FF8A7 /* ModelMorph.swift */,
			);
			path = Models;
			sourceTree = "<group>";
		};
		FA518F28200F6450004069D4 /* Animations */ = {
			isa = PBXGroup;
			children = (
				FABC74BB1D63AAB3009A0F1A /* AnimationLoader.swift */,
				FA518F2C200F64E0004069D4 /* AnimationPosition.swift */,
				FA518F29200F6467004069D4 /* AnimationFace.swift */,
			);
			path = Animations;
			sourceTree = "<group>";
		};
		FA6ABE9720081A5900BB3BBD /* Game */ = {
			isa = PBXGroup;
			children = (
				FA6ABE94200819FE00BB3BBD /* Game.swift */,
				FA9C95FB2002E1EB005FBB66 /* Control.swift */,
				FA6ABE9820081A7A00BB3BBD /* Action.swift */,
				FA9C95F82002A544005FBB66 /* Weapon.swift */,
				FA4B7417200812D100E0A66F /* Vehicle.swift */,
			);
			path = Game;
			sourceTree = "<group>";
		};
		FA6ABE9C20081ACD00BB3BBD /* Scripts */ = {
			isa = PBXGroup;
			children = (
				FA177F8C1E3534B2009FA6D7 /* Script.swift */,
				FA9C95F12001B865005FBB66 /* ScriptArgs.swift */,
				FA9C95F42001B967005FBB66 /* ScriptExec.swift */,
			);
			path = Scripts;
			sourceTree = "<group>";
		};
		FA6ABE9D20081ADE00BB3BBD /* Scene */ = {
			isa = PBXGroup;
			children = (
				FAFBDFC11D607F5B008523A9 /* Scene.swift */,
				FA4B74142006427E00E0A66F /* Record.swift */,
				FA7E390F20013DCC00C86A72 /* Sound.swift */,
				FA0D45571D610BB500B7C721 /* SceneCache.swift */,
				FABBB1A11D621E49006A39F8 /* TextDb.swift */,
				FAFE4FAB1D75E95A00BB2FB0 /* Collisions.swift */,
				FA518F28200F6450004069D4 /* Animations */,
			);
			path = Scene;
			sourceTree = "<group>";
		};
		FA6ABE9E20081AF300BB3BBD /* HUD */ = {
			isa = PBXGroup;
			children = (
				FA518F33200FCB17004069D4 /* LoadingScene.swift */,
				FA6ABE91200818B100BB3BBD /* HudScene.swift */,
			);
			path = HUD;
			sourceTree = "<group>";
		};
		FA6ABE9F20081B3000BB3BBD /* Utilities */ = {
			isa = PBXGroup;
			children = (
				FA0A0D761D5FB07A00878046 /* Extensions.swift */,
				FA355C5820092BC800512DC0 /* CMAcceleration.swift */,
			);
			path = Utilities;
			sourceTree = "<group>";
		};
		FA6DAAE21D67708E002017DE /* Mafia-iOS */ = {
			isa = PBXGroup;
			children = (
				FA355C39200923E500512DC0 /* Classes */,
				FA355C3D200923E600512DC0 /* Resources */,
			);
			path = "Mafia-iOS";
			sourceTree = "<group>";
		};
/* End PBXGroup section */

/* Begin PBXNativeTarget section */
		FA0A0D5F1D5FB07100878046 /* Mafia-Mac */ = {
			isa = PBXNativeTarget;
			buildConfigurationList = FA0A0D731D5FB07100878046 /* Build configuration list for PBXNativeTarget "Mafia-Mac" */;
			buildPhases = (
				FA0A0D5C1D5FB07100878046 /* Sources */,
				FA0A0D5D1D5FB07100878046 /* Frameworks */,
				FA0A0D5E1D5FB07100878046 /* Resources */,
				FA37F09C204C79F1001FF8A7 /* ShellScript */,
			);
			buildRules = (
			);
			dependencies = (
			);
			name = "Mafia-Mac";
			productName = Mafia;
			productReference = FA0A0D601D5FB07100878046 /* Mafia-Mac.app */;
			productType = "com.apple.product-type.application";
		};
		FA6DAAE01D67708E002017DE /* Mafia-iOS */ = {
			isa = PBXNativeTarget;
			buildConfigurationList = FA6DAAF41D67708E002017DE /* Build configuration list for PBXNativeTarget "Mafia-iOS" */;
			buildPhases = (
				FA6DAADD1D67708E002017DE /* Sources */,
				FA6DAADE1D67708E002017DE /* Frameworks */,
				FA6DAADF1D67708E002017DE /* Resources */,
				FA9304681D79F6DD006EA945 /* Embed Watch Content */,
				FA37F09B204C79E3001FF8A7 /* ShellScript */,
			);
			buildRules = (
			);
			dependencies = (
			);
			name = "Mafia-iOS";
			productName = "Mafia-iOS";
			productReference = FA6DAAE11D67708E002017DE /* Mafia-iOS.app */;
			productType = "com.apple.product-type.application";
		};
/* End PBXNativeTarget section */

/* Begin PBXProject section */
		FA0A0D581D5FB07100878046 /* Project object */ = {
			isa = PBXProject;
			attributes = {
				LastSwiftUpdateCheck = 0800;
				LastUpgradeCheck = 0920;
				ORGANIZATIONNAME = "Alex Studnicka";
				TargetAttributes = {
					FA0A0D5F1D5FB07100878046 = {
						CreatedOnToolsVersion = 8.0;
						DevelopmentTeam = FDEPQUD75A;
						LastSwiftMigration = 0920;
						ProvisioningStyle = Automatic;
					};
					FA6DAAE01D67708E002017DE = {
						CreatedOnToolsVersion = 8.0;
						DevelopmentTeam = N2V68QWUSQ;
						LastSwiftMigration = 0920;
						ProvisioningStyle = Automatic;
					};
				};
			};
			buildConfigurationList = FA0A0D5B1D5FB07100878046 /* Build configuration list for PBXProject "Mafia" */;
			compatibilityVersion = "Xcode 3.2";
			developmentRegion = English;
			hasScannedForEncodings = 0;
			knownRegions = (
				en,
				Base,
			);
			mainGroup = FA0A0D571D5FB07100878046;
			productRefGroup = FA0A0D611D5FB07100878046 /* Products */;
			projectDirPath = "";
			projectRoot = "";
			targets = (
				FA0A0D5F1D5FB07100878046 /* Mafia-Mac */,
				FA6DAAE01D67708E002017DE /* Mafia-iOS */,
			);
		};
/* End PBXProject section */

/* Begin PBXResourcesBuildPhase section */
		FA0A0D5E1D5FB07100878046 /* Resources */ = {
			isa = PBXResourcesBuildPhase;
			buildActionMask = 2147483647;
			files = (
				FA355C552009241000512DC0 /* Assets.xcassets in Resources */,
				FA355C562009241000512DC0 /* MainMenu.xib in Resources */,
				FA2FE8B9200FD1650057A80E /* Aurora.ttf in Resources */,
			);
			runOnlyForDeploymentPostprocessing = 0;
		};
		FA6DAADF1D67708E002017DE /* Resources */ = {
			isa = PBXResourcesBuildPhase;
			buildActionMask = 2147483647;
			files = (
				FA2FE8BA200FD1650057A80E /* Aurora.ttf in Resources */,
				FA355C47200923E600512DC0 /* Assets.xcassets in Resources */,
				FA355C49200923E600512DC0 /* Main.storyboard in Resources */,
				FA355C48200923E600512DC0 /* LaunchScreen.storyboard in Resources */,
			);
			runOnlyForDeploymentPostprocessing = 0;
		};
/* End PBXResourcesBuildPhase section */

/* Begin PBXShellScriptBuildPhase section */
		FA37F09B204C79E3001FF8A7 /* ShellScript */ = {
			isa = PBXShellScriptBuildPhase;
			buildActionMask = 2147483647;
			files = (
			);
			inputPaths = (
			);
			outputPaths = (
			);
			runOnlyForDeploymentPostprocessing = 0;
			shellPath = /bin/sh;
			shellScript = "if which swiftlint >/dev/null; then\n  swiftlint\nelse\n  echo \"warning: SwiftLint not installed, download from https://github.com/realm/SwiftLint\"\nfi";
		};
		FA37F09C204C79F1001FF8A7 /* ShellScript */ = {
			isa = PBXShellScriptBuildPhase;
			buildActionMask = 2147483647;
			files = (
			);
			inputPaths = (
			);
			outputPaths = (
			);
			runOnlyForDeploymentPostprocessing = 0;
			shellPath = /bin/sh;
			shellScript = "if which swiftlint >/dev/null; then\n  swiftlint\nelse\n  echo \"warning: SwiftLint not installed, download from https://github.com/realm/SwiftLint\"\nfi";
		};
/* End PBXShellScriptBuildPhase section */

/* Begin PBXSourcesBuildPhase section */
		FA0A0D5C1D5FB07100878046 /* Sources */ = {
			isa = PBXSourcesBuildPhase;
			buildActionMask = 2147483647;
			files = (
				FA4B7418200812D100E0A66F /* Vehicle.swift in Sources */,
				FA518F34200FCB17004069D4 /* LoadingScene.swift in Sources */,
				FA6ABE92200818B100BB3BBD /* HudScene.swift in Sources */,
				FA6ABE9920081A7A00BB3BBD /* Action.swift in Sources */,
				FA2FE8BD200FE4610057A80E /* GameManager.swift in Sources */,
				FABC74BC1D63AAB3009A0F1A /* AnimationLoader.swift in Sources */,
				FA9C95F52001B967005FBB66 /* ScriptExec.swift in Sources */,
				FA518F2A200F6467004069D4 /* AnimationFace.swift in Sources */,
				FAFBDFC21D607F5B008523A9 /* Scene.swift in Sources */,
				FA355C5920092BC800512DC0 /* CMAcceleration.swift in Sources */,
				FA177F8D1E3534B2009FA6D7 /* Script.swift in Sources */,
				FA37F09F204C8A68001FF8A7 /* ModelMesh.swift in Sources */,
				FA9C95F22001B865005FBB66 /* ScriptArgs.swift in Sources */,
				FA355C542009241000512DC0 /* AppDelegate.swift in Sources */,
				FA2FE8C0200FEA2A0057A80E /* MainMenu.swift in Sources */,
				FA355C532009241000512DC0 /* GameViewController.swift in Sources */,
				FA0A0D771D5FB07A00878046 /* Extensions.swift in Sources */,
				FA6ABE95200819FE00BB3BBD /* Game.swift in Sources */,
				FA37F0A2204C8B08001FF8A7 /* ModelMorph.swift in Sources */,
				FA9C95FC2002E1EB005FBB66 /* Control.swift in Sources */,
				FA37F0A5204C8B68001FF8A7 /* ModelObject.swift in Sources */,
				FA7E391020013DCC00C86A72 /* Sound.swift in Sources */,
				FA9C95F92002A544005FBB66 /* Weapon.swift in Sources */,
				FA0A0D791D5FB08A00878046 /* Models.swift in Sources */,
				FA0D45581D610BB500B7C721 /* SceneCache.swift in Sources */,
				FAFE4FAC1D75E95A00BB2FB0 /* Collisions.swift in Sources */,
				FA4B74152006427E00E0A66F /* Record.swift in Sources */,
				FA518F2D200F64E0004069D4 /* AnimationPosition.swift in Sources */,
				FABBB1A21D621E49006A39F8 /* TextDb.swift in Sources */,
			);
			runOnlyForDeploymentPostprocessing = 0;
		};
		FA6DAADD1D67708E002017DE /* Sources */ = {
			isa = PBXSourcesBuildPhase;
			buildActionMask = 2147483647;
			files = (
				FA355C46200923E600512DC0 /* AppDelegate.swift in Sources */,
				FA518F35200FCB17004069D4 /* LoadingScene.swift in Sources */,
				FA4B7419200812D200E0A66F /* Vehicle.swift in Sources */,
				FA6ABE93200818B100BB3BBD /* HudScene.swift in Sources */,
				FA2FE8BE200FE4610057A80E /* GameManager.swift in Sources */,
				FA6DAAF51D67709C002017DE /* Extensions.swift in Sources */,
				FA6ABE9A20081A7A00BB3BBD /* Action.swift in Sources */,
				FA518F2B200F6467004069D4 /* AnimationFace.swift in Sources */,
				FA6DAAF81D67709C002017DE /* Scene.swift in Sources */,
				FA9C95F62001B967005FBB66 /* ScriptExec.swift in Sources */,
				FA9C95F32001B8AC005FBB66 /* ScriptArgs.swift in Sources */,
				FA37F0A0204C8A68001FF8A7 /* ModelMesh.swift in Sources */,
				FA50107E20018F2D00B24CE6 /* Script.swift in Sources */,
				FA6DAAF71D67709C002017DE /* AnimationLoader.swift in Sources */,
				FA2FE8C1200FEA2A0057A80E /* MainMenu.swift in Sources */,
				FA6ABE96200819FE00BB3BBD /* Game.swift in Sources */,
				FA9C95FD2002E1EB005FBB66 /* Control.swift in Sources */,
				FA6DAAF61D67709C002017DE /* Models.swift in Sources */,
				FA37F0A3204C8B08001FF8A7 /* ModelMorph.swift in Sources */,
				FA9C95FA2002A545005FBB66 /* Weapon.swift in Sources */,
				FA37F0A6204C8B68001FF8A7 /* ModelObject.swift in Sources */,
				FA6DAAF91D67709C002017DE /* SceneCache.swift in Sources */,
				FA7E391120013DCC00C86A72 /* Sound.swift in Sources */,
				FA50107D20018F2D00B24CE6 /* Collisions.swift in Sources */,
				FA4B74162006428200E0A66F /* Record.swift in Sources */,
				FA355C44200923E600512DC0 /* GameViewController.swift in Sources */,
				FA6DAAFA1D67709C002017DE /* TextDb.swift in Sources */,
				FA518F2E200F64E0004069D4 /* AnimationPosition.swift in Sources */,
				FA355C5A20092BC800512DC0 /* CMAcceleration.swift in Sources */,
			);
			runOnlyForDeploymentPostprocessing = 0;
		};
/* End PBXSourcesBuildPhase section */

/* Begin PBXVariantGroup section */
		FA355C3F200923E600512DC0 /* LaunchScreen.storyboard */ = {
			isa = PBXVariantGroup;
			children = (
				FA355C40200923E600512DC0 /* Base */,
			);
			name = LaunchScreen.storyboard;
			sourceTree = "<group>";
		};
		FA355C41200923E600512DC0 /* Main.storyboard */ = {
			isa = PBXVariantGroup;
			children = (
				FA355C42200923E600512DC0 /* Base */,
			);
			name = Main.storyboard;
			sourceTree = "<group>";
		};
		FA355C502009241000512DC0 /* MainMenu.xib */ = {
			isa = PBXVariantGroup;
			children = (
				FA355C512009241000512DC0 /* Base */,
			);
			name = MainMenu.xib;
			sourceTree = "<group>";
		};
/* End PBXVariantGroup section */

/* Begin XCBuildConfiguration section */
		FA0A0D711D5FB07100878046 /* Debug */ = {
			isa = XCBuildConfiguration;
			buildSettings = {
				ALWAYS_SEARCH_USER_PATHS = NO;
				CLANG_ANALYZER_NONNULL = YES;
				CLANG_CXX_LANGUAGE_STANDARD = "gnu++0x";
				CLANG_CXX_LIBRARY = "libc++";
				CLANG_ENABLE_MODULES = YES;
				CLANG_ENABLE_OBJC_ARC = YES;
				CLANG_WARN_BLOCK_CAPTURE_AUTORELEASING = YES;
				CLANG_WARN_BOOL_CONVERSION = YES;
				CLANG_WARN_COMMA = YES;
				CLANG_WARN_CONSTANT_CONVERSION = YES;
				CLANG_WARN_DIRECT_OBJC_ISA_USAGE = YES_ERROR;
				CLANG_WARN_DOCUMENTATION_COMMENTS = YES;
				CLANG_WARN_EMPTY_BODY = YES;
				CLANG_WARN_ENUM_CONVERSION = YES;
				CLANG_WARN_INFINITE_RECURSION = YES;
				CLANG_WARN_INT_CONVERSION = YES;
				CLANG_WARN_NON_LITERAL_NULL_CONVERSION = YES;
				CLANG_WARN_OBJC_LITERAL_CONVERSION = YES;
				CLANG_WARN_OBJC_ROOT_CLASS = YES_ERROR;
				CLANG_WARN_RANGE_LOOP_ANALYSIS = YES;
				CLANG_WARN_STRICT_PROTOTYPES = YES;
				CLANG_WARN_SUSPICIOUS_MOVE = YES;
				CLANG_WARN_SUSPICIOUS_MOVES = YES;
				CLANG_WARN_UNREACHABLE_CODE = YES;
				CLANG_WARN__DUPLICATE_METHOD_MATCH = YES;
				CODE_SIGN_IDENTITY = "-";
				COPY_PHASE_STRIP = NO;
				DEBUG_INFORMATION_FORMAT = dwarf;
				ENABLE_STRICT_OBJC_MSGSEND = YES;
				ENABLE_TESTABILITY = YES;
				GCC_C_LANGUAGE_STANDARD = gnu99;
				GCC_DYNAMIC_NO_PIC = NO;
				GCC_NO_COMMON_BLOCKS = YES;
				GCC_OPTIMIZATION_LEVEL = 0;
				GCC_PREPROCESSOR_DEFINITIONS = (
					"DEBUG=1",
					"$(inherited)",
				);
				GCC_WARN_64_TO_32_BIT_CONVERSION = YES;
				GCC_WARN_ABOUT_RETURN_TYPE = YES_ERROR;
				GCC_WARN_UNDECLARED_SELECTOR = YES;
				GCC_WARN_UNINITIALIZED_AUTOS = YES_AGGRESSIVE;
				GCC_WARN_UNUSED_FUNCTION = YES;
				GCC_WARN_UNUSED_VARIABLE = YES;
				MACOSX_DEPLOYMENT_TARGET = 10.12;
				MTL_ENABLE_DEBUG_INFO = YES;
				ONLY_ACTIVE_ARCH = YES;
				SDKROOT = macosx;
				SWIFT_ACTIVE_COMPILATION_CONDITIONS = DEBUG;
				SWIFT_OPTIMIZATION_LEVEL = "-Onone";
			};
			name = Debug;
		};
		FA0A0D721D5FB07100878046 /* Release */ = {
			isa = XCBuildConfiguration;
			buildSettings = {
				ALWAYS_SEARCH_USER_PATHS = NO;
				CLANG_ANALYZER_NONNULL = YES;
				CLANG_CXX_LANGUAGE_STANDARD = "gnu++0x";
				CLANG_CXX_LIBRARY = "libc++";
				CLANG_ENABLE_MODULES = YES;
				CLANG_ENABLE_OBJC_ARC = YES;
				CLANG_WARN_BLOCK_CAPTURE_AUTORELEASING = YES;
				CLANG_WARN_BOOL_CONVERSION = YES;
				CLANG_WARN_COMMA = YES;
				CLANG_WARN_CONSTANT_CONVERSION = YES;
				CLANG_WARN_DIRECT_OBJC_ISA_USAGE = YES_ERROR;
				CLANG_WARN_DOCUMENTATION_COMMENTS = YES;
				CLANG_WARN_EMPTY_BODY = YES;
				CLANG_WARN_ENUM_CONVERSION = YES;
				CLANG_WARN_INFINITE_RECURSION = YES;
				CLANG_WARN_INT_CONVERSION = YES;
				CLANG_WARN_NON_LITERAL_NULL_CONVERSION = YES;
				CLANG_WARN_OBJC_LITERAL_CONVERSION = YES;
				CLANG_WARN_OBJC_ROOT_CLASS = YES_ERROR;
				CLANG_WARN_RANGE_LOOP_ANALYSIS = YES;
				CLANG_WARN_STRICT_PROTOTYPES = YES;
				CLANG_WARN_SUSPICIOUS_MOVE = YES;
				CLANG_WARN_SUSPICIOUS_MOVES = YES;
				CLANG_WARN_UNREACHABLE_CODE = YES;
				CLANG_WARN__DUPLICATE_METHOD_MATCH = YES;
				CODE_SIGN_IDENTITY = "-";
				COPY_PHASE_STRIP = NO;
				DEBUG_INFORMATION_FORMAT = "dwarf-with-dsym";
				ENABLE_NS_ASSERTIONS = NO;
				ENABLE_STRICT_OBJC_MSGSEND = YES;
				GCC_C_LANGUAGE_STANDARD = gnu99;
				GCC_NO_COMMON_BLOCKS = YES;
				GCC_WARN_64_TO_32_BIT_CONVERSION = YES;
				GCC_WARN_ABOUT_RETURN_TYPE = YES_ERROR;
				GCC_WARN_UNDECLARED_SELECTOR = YES;
				GCC_WARN_UNINITIALIZED_AUTOS = YES_AGGRESSIVE;
				GCC_WARN_UNUSED_FUNCTION = YES;
				GCC_WARN_UNUSED_VARIABLE = YES;
				MACOSX_DEPLOYMENT_TARGET = 10.12;
				MTL_ENABLE_DEBUG_INFO = NO;
				SDKROOT = macosx;
				SWIFT_OPTIMIZATION_LEVEL = "-Owholemodule";
			};
			name = Release;
		};
		FA0A0D741D5FB07100878046 /* Debug */ = {
			isa = XCBuildConfiguration;
			buildSettings = {
				ASSETCATALOG_COMPILER_APPICON_NAME = AppIcon;
				COMBINE_HIDPI_IMAGES = YES;
				DEVELOPMENT_TEAM = FDEPQUD75A;
				INFOPLIST_FILE = "$(SRCROOT)/Mafia-Mac/Resources/Info.plist";
				LD_RUNPATH_SEARCH_PATHS = "$(inherited) @executable_path/../Frameworks";
				MACOSX_DEPLOYMENT_TARGET = 10.13;
				PRODUCT_BUNDLE_IDENTIFIER = me.studnicka.Mafia;
				PRODUCT_NAME = "$(TARGET_NAME)";
				SWIFT_VERSION = 4.0;
			};
			name = Debug;
		};
		FA0A0D751D5FB07100878046 /* Release */ = {
			isa = XCBuildConfiguration;
			buildSettings = {
				ASSETCATALOG_COMPILER_APPICON_NAME = AppIcon;
				COMBINE_HIDPI_IMAGES = YES;
				DEVELOPMENT_TEAM = FDEPQUD75A;
				INFOPLIST_FILE = "$(SRCROOT)/Mafia-Mac/Resources/Info.plist";
				LD_RUNPATH_SEARCH_PATHS = "$(inherited) @executable_path/../Frameworks";
				MACOSX_DEPLOYMENT_TARGET = 10.13;
				PRODUCT_BUNDLE_IDENTIFIER = me.studnicka.Mafia;
				PRODUCT_NAME = "$(TARGET_NAME)";
				SWIFT_VERSION = 4.0;
			};
			name = Release;
		};
		FA6DAAF21D67708E002017DE /* Debug */ = {
			isa = XCBuildConfiguration;
			buildSettings = {
				ASSETCATALOG_COMPILER_APPICON_NAME = AppIcon;
				"CODE_SIGN_IDENTITY[sdk=iphoneos*]" = "iPhone Developer";
				CODE_SIGN_STYLE = Automatic;
				DEVELOPMENT_TEAM = N2V68QWUSQ;
				INFOPLIST_FILE = "$(SRCROOT)/Mafia-iOS/Resources/Info.plist";
				IPHONEOS_DEPLOYMENT_TARGET = 11.0;
				LD_RUNPATH_SEARCH_PATHS = "$(inherited) @executable_path/Frameworks";
				PRODUCT_BUNDLE_IDENTIFIER = "me.studnicka.Mafia-iOS";
				PRODUCT_NAME = "$(TARGET_NAME)";
				PROVISIONING_PROFILE_SPECIFIER = "";
				SDKROOT = iphoneos;
				SWIFT_VERSION = 4.0;
				TARGETED_DEVICE_FAMILY = "1,2";
			};
			name = Debug;
		};
		FA6DAAF31D67708E002017DE /* Release */ = {
			isa = XCBuildConfiguration;
			buildSettings = {
				ASSETCATALOG_COMPILER_APPICON_NAME = AppIcon;
				"CODE_SIGN_IDENTITY[sdk=iphoneos*]" = "iPhone Developer";
				CODE_SIGN_STYLE = Automatic;
				DEVELOPMENT_TEAM = N2V68QWUSQ;
				INFOPLIST_FILE = "$(SRCROOT)/Mafia-iOS/Resources/Info.plist";
				IPHONEOS_DEPLOYMENT_TARGET = 11.0;
				LD_RUNPATH_SEARCH_PATHS = "$(inherited) @executable_path/Frameworks";
				PRODUCT_BUNDLE_IDENTIFIER = "me.studnicka.Mafia-iOS";
				PRODUCT_NAME = "$(TARGET_NAME)";
				PROVISIONING_PROFILE_SPECIFIER = "";
				SDKROOT = iphoneos;
				SWIFT_VERSION = 4.0;
				TARGETED_DEVICE_FAMILY = "1,2";
				VALIDATE_PRODUCT = YES;
			};
			name = Release;
		};
/* End XCBuildConfiguration section */

/* Begin XCConfigurationList section */
		FA0A0D5B1D5FB07100878046 /* Build configuration list for PBXProject "Mafia" */ = {
			isa = XCConfigurationList;
			buildConfigurations = (
				FA0A0D711D5FB07100878046 /* Debug */,
				FA0A0D721D5FB07100878046 /* Release */,
			);
			defaultConfigurationIsVisible = 0;
			defaultConfigurationName = Release;
		};
		FA0A0D731D5FB07100878046 /* Build configuration list for PBXNativeTarget "Mafia-Mac" */ = {
			isa = XCConfigurationList;
			buildConfigurations = (
				FA0A0D741D5FB07100878046 /* Debug */,
				FA0A0D751D5FB07100878046 /* Release */,
			);
			defaultConfigurationIsVisible = 0;
			defaultConfigurationName = Release;
		};
		FA6DAAF41D67708E002017DE /* Build configuration list for PBXNativeTarget "Mafia-iOS" */ = {
			isa = XCConfigurationList;
			buildConfigurations = (
				FA6DAAF21D67708E002017DE /* Debug */,
				FA6DAAF31D67708E002017DE /* Release */,
			);
			defaultConfigurationIsVisible = 0;
			defaultConfigurationName = Release;
		};
/* End XCConfigurationList section */
	};
	rootObject = FA0A0D581D5FB07100878046 /* Project object */;
}
