// !$*UTF8*$!
{
	archiveVersion = 1;
	classes = {
	};
	objectVersion = 46;
	objects = {

/* Begin PBXBuildFile section */
		FA0A0D641D5FB07100878046 /* AppDelegate.swift in Sources */ = {isa = PBXBuildFile; fileRef = FA0A0D631D5FB07100878046 /* AppDelegate.swift */; };
		FA0A0D661D5FB07100878046 /* GameView.swift in Sources */ = {isa = PBXBuildFile; fileRef = FA0A0D651D5FB07100878046 /* GameView.swift */; };
		FA0A0D681D5FB07100878046 /* GameViewController.swift in Sources */ = {isa = PBXBuildFile; fileRef = FA0A0D671D5FB07100878046 /* GameViewController.swift */; };
		FA0A0D6A1D5FB07100878046 /* art.scnassets in Resources */ = {isa = PBXBuildFile; fileRef = FA0A0D691D5FB07100878046 /* art.scnassets */; };
		FA0A0D6C1D5FB07100878046 /* Assets.xcassets in Resources */ = {isa = PBXBuildFile; fileRef = FA0A0D6B1D5FB07100878046 /* Assets.xcassets */; };
		FA0A0D6F1D5FB07100878046 /* MainMenu.xib in Resources */ = {isa = PBXBuildFile; fileRef = FA0A0D6D1D5FB07100878046 /* MainMenu.xib */; };
/* End PBXBuildFile section */

/* Begin PBXFileReference section */
		FA0A0D601D5FB07100878046 /* Mafia.app */ = {isa = PBXFileReference; explicitFileType = wrapper.application; includeInIndex = 0; path = Mafia.app; sourceTree = BUILT_PRODUCTS_DIR; };
		FA0A0D631D5FB07100878046 /* AppDelegate.swift */ = {isa = PBXFileReference; lastKnownFileType = sourcecode.swift; path = AppDelegate.swift; sourceTree = "<group>"; };
		FA0A0D651D5FB07100878046 /* GameView.swift */ = {isa = PBXFileReference; lastKnownFileType = sourcecode.swift; path = GameView.swift; sourceTree = "<group>"; };
		FA0A0D671D5FB07100878046 /* GameViewController.swift */ = {isa = PBXFileReference; lastKnownFileType = sourcecode.swift; path = GameViewController.swift; sourceTree = "<group>"; };
		FA0A0D691D5FB07100878046 /* art.scnassets */ = {isa = PBXFileReference; lastKnownFileType = wrapper.scnassets; path = art.scnassets; sourceTree = "<group>"; };
		FA0A0D6B1D5FB07100878046 /* Assets.xcassets */ = {isa = PBXFileReference; lastKnownFileType = folder.assetcatalog; path = Assets.xcassets; sourceTree = "<group>"; };
		FA0A0D6E1D5FB07100878046 /* Base */ = {isa = PBXFileReference; lastKnownFileType = file.xib; name = Base; path = Base.lproj/MainMenu.xib; sourceTree = "<group>"; };
		FA0A0D701D5FB07100878046 /* Info.plist */ = {isa = PBXFileReference; lastKnownFileType = text.plist.xml; path = Info.plist; sourceTree = "<group>"; };
/* End PBXFileReference section */

/* Begin PBXFrameworksBuildPhase section */
		FA0A0D5D1D5FB07100878046 /* Frameworks */ = {
			isa = PBXFrameworksBuildPhase;
			buildActionMask = 2147483647;
			files = (
			);
			runOnlyForDeploymentPostprocessing = 0;
		};
/* End PBXFrameworksBuildPhase section */

/* Begin PBXGroup section */
		FA0A0D571D5FB07100878046 = {
			isa = PBXGroup;
			children = (
				FA0A0D621D5FB07100878046 /* Mafia */,
				FA0A0D611D5FB07100878046 /* Products */,
			);
			sourceTree = "<group>";
		};
		FA0A0D611D5FB07100878046 /* Products */ = {
			isa = PBXGroup;
			children = (
				FA0A0D601D5FB07100878046 /* Mafia.app */,
			);
			name = Products;
			sourceTree = "<group>";
		};
		FA0A0D621D5FB07100878046 /* Mafia */ = {
			isa = PBXGroup;
			children = (
				FA0A0D631D5FB07100878046 /* AppDelegate.swift */,
				FA0A0D651D5FB07100878046 /* GameView.swift */,
				FA0A0D671D5FB07100878046 /* GameViewController.swift */,
				FA0A0D691D5FB07100878046 /* art.scnassets */,
				FA0A0D6B1D5FB07100878046 /* Assets.xcassets */,
				FA0A0D6D1D5FB07100878046 /* MainMenu.xib */,
				FA0A0D701D5FB07100878046 /* Info.plist */,
			);
			path = Mafia;
			sourceTree = "<group>";
		};
/* End PBXGroup section */

/* Begin PBXNativeTarget section */
		FA0A0D5F1D5FB07100878046 /* Mafia */ = {
			isa = PBXNativeTarget;
			buildConfigurationList = FA0A0D731D5FB07100878046 /* Build configuration list for PBXNativeTarget "Mafia" */;
			buildPhases = (
				FA0A0D5C1D5FB07100878046 /* Sources */,
				FA0A0D5D1D5FB07100878046 /* Frameworks */,
				FA0A0D5E1D5FB07100878046 /* Resources */,
			);
			buildRules = (
			);
			dependencies = (
			);
			name = Mafia;
			productName = Mafia;
			productReference = FA0A0D601D5FB07100878046 /* Mafia.app */;
			productType = "com.apple.product-type.application";
		};
/* End PBXNativeTarget section */

/* Begin PBXProject section */
		FA0A0D581D5FB07100878046 /* Project object */ = {
			isa = PBXProject;
			attributes = {
				LastSwiftUpdateCheck = 0800;
				LastUpgradeCheck = 0800;
				ORGANIZATIONNAME = "Alex Studnicka";
				TargetAttributes = {
					FA0A0D5F1D5FB07100878046 = {
						CreatedOnToolsVersion = 8.0;
						DevelopmentTeam = FDEPQUD75A;
						ProvisioningStyle = Automatic;
					};
				};
			};
			buildConfigurationList = FA0A0D5B1D5FB07100878046 /* Build configuration list for PBXProject "Mafia" */;
			compatibilityVersion = "Xcode 3.2";
			developmentRegion = English;
			hasScannedForEncodings = 0;
			knownRegions = (
				en,
				Base,
			);
			mainGroup = FA0A0D571D5FB07100878046;
			productRefGroup = FA0A0D611D5FB07100878046 /* Products */;
			projectDirPath = "";
			projectRoot = "";
			targets = (
				FA0A0D5F1D5FB07100878046 /* Mafia */,
			);
		};
/* End PBXProject section */

/* Begin PBXResourcesBuildPhase section */
		FA0A0D5E1D5FB07100878046 /* Resources */ = {
			isa = PBXResourcesBuildPhase;
			buildActionMask = 2147483647;
			files = (
				FA0A0D6C1D5FB07100878046 /* Assets.xcassets in Resources */,
				FA0A0D6A1D5FB07100878046 /* art.scnassets in Resources */,
				FA0A0D6F1D5FB07100878046 /* MainMenu.xib in Resources */,
			);
			runOnlyForDeploymentPostprocessing = 0;
		};
/* End PBXResourcesBuildPhase section */

/* Begin PBXSourcesBuildPhase section */
		FA0A0D5C1D5FB07100878046 /* Sources */ = {
			isa = PBXSourcesBuildPhase;
			buildActionMask = 2147483647;
			files = (
				FA0A0D661D5FB07100878046 /* GameView.swift in Sources */,
				FA0A0D681D5FB07100878046 /* GameViewController.swift in Sources */,
				FA0A0D641D5FB07100878046 /* AppDelegate.swift in Sources */,
			);
			runOnlyForDeploymentPostprocessing = 0;
		};
/* End PBXSourcesBuildPhase section */

/* Begin PBXVariantGroup section */
		FA0A0D6D1D5FB07100878046 /* MainMenu.xib */ = {
			isa = PBXVariantGroup;
			children = (
				FA0A0D6E1D5FB07100878046 /* Base */,
			);
			name = MainMenu.xib;
			sourceTree = "<group>";
		};
/* End PBXVariantGroup section */

/* Begin XCBuildConfiguration section */
		FA0A0D711D5FB07100878046 /* Debug */ = {
			isa = XCBuildConfiguration;
			buildSettings = {
				ALWAYS_SEARCH_USER_PATHS = NO;
				CLANG_ANALYZER_NONNULL = YES;
				CLANG_CXX_LANGUAGE_STANDARD = "gnu++0x";
				CLANG_CXX_LIBRARY = "libc++";
				CLANG_ENABLE_MODULES = YES;
				CLANG_ENABLE_OBJC_ARC = YES;
				CLANG_WARN_BOOL_CONVERSION = YES;
				CLANG_WARN_CONSTANT_CONVERSION = YES;
				CLANG_WARN_DIRECT_OBJC_ISA_USAGE = YES_ERROR;
				CLANG_WARN_DOCUMENTATION_COMMENTS = YES;
				CLANG_WARN_EMPTY_BODY = YES;
				CLANG_WARN_ENUM_CONVERSION = YES;
				CLANG_WARN_INFINITE_RECURSION = YES;
				CLANG_WARN_INT_CONVERSION = YES;
				CLANG_WARN_OBJC_ROOT_CLASS = YES_ERROR;
				CLANG_WARN_SUSPICIOUS_MOVES = YES;
				CLANG_WARN_UNREACHABLE_CODE = YES;
				CLANG_WARN__DUPLICATE_METHOD_MATCH = YES;
				CODE_SIGN_IDENTITY = "-";
				COPY_PHASE_STRIP = NO;
				DEBUG_INFORMATION_FORMAT = dwarf;
				ENABLE_STRICT_OBJC_MSGSEND = YES;
				ENABLE_TESTABILITY = YES;
				GCC_C_LANGUAGE_STANDARD = gnu99;
				GCC_DYNAMIC_NO_PIC = NO;
				GCC_NO_COMMON_BLOCKS = YES;
				GCC_OPTIMIZATION_LEVEL = 0;
				GCC_PREPROCESSOR_DEFINITIONS = (
					"DEBUG=1",
					"$(inherited)",
				);
				GCC_WARN_64_TO_32_BIT_CONVERSION = YES;
				GCC_WARN_ABOUT_RETURN_TYPE = YES_ERROR;
				GCC_WARN_UNDECLARED_SELECTOR = YES;
				GCC_WARN_UNINITIALIZED_AUTOS = YES_AGGRESSIVE;
				GCC_WARN_UNUSED_FUNCTION = YES;
				GCC_WARN_UNUSED_VARIABLE = YES;
				MACOSX_DEPLOYMENT_TARGET = 10.12;
				MTL_ENABLE_DEBUG_INFO = YES;
				ONLY_ACTIVE_ARCH = YES;
				SDKROOT = macosx;
				SWIFT_ACTIVE_COMPILATION_CONDITIONS = DEBUG;
				SWIFT_OPTIMIZATION_LEVEL = "-Onone";
			};
			name = Debug;
		};
		FA0A0D721D5FB07100878046 /* Release */ = {
			isa = XCBuildConfiguration;
			buildSettings = {
				ALWAYS_SEARCH_USER_PATHS = NO;
				CLANG_ANALYZER_NONNULL = YES;
				CLANG_CXX_LANGUAGE_STANDARD = "gnu++0x";
				CLANG_CXX_LIBRARY = "libc++";
				CLANG_ENABLE_MODULES = YES;
				CLANG_ENABLE_OBJC_ARC = YES;
				CLANG_WARN_BOOL_CONVERSION = YES;
				CLANG_WARN_CONSTANT_CONVERSION = YES;
				CLANG_WARN_DIRECT_OBJC_ISA_USAGE = YES_ERROR;
				CLANG_WARN_DOCUMENTATION_COMMENTS = YES;
				CLANG_WARN_EMPTY_BODY = YES;
				CLANG_WARN_ENUM_CONVERSION = YES;
				CLANG_WARN_INFINITE_RECURSION = YES;
				CLANG_WARN_INT_CONVERSION = YES;
				CLANG_WARN_OBJC_ROOT_CLASS = YES_ERROR;
				CLANG_WARN_SUSPICIOUS_MOVES = YES;
				CLANG_WARN_UNREACHABLE_CODE = YES;
				CLANG_WARN__DUPLICATE_METHOD_MATCH = YES;
				CODE_SIGN_IDENTITY = "-";
				COPY_PHASE_STRIP = NO;
				DEBUG_INFORMATION_FORMAT = "dwarf-with-dsym";
				ENABLE_NS_ASSERTIONS = NO;
				ENABLE_STRICT_OBJC_MSGSEND = YES;
				GCC_C_LANGUAGE_STANDARD = gnu99;
				GCC_NO_COMMON_BLOCKS = YES;
				GCC_WARN_64_TO_32_BIT_CONVERSION = YES;
				GCC_WARN_ABOUT_RETURN_TYPE = YES_ERROR;
				GCC_WARN_UNDECLARED_SELECTOR = YES;
				GCC_WARN_UNINITIALIZED_AUTOS = YES_AGGRESSIVE;
				GCC_WARN_UNUSED_FUNCTION = YES;
				GCC_WARN_UNUSED_VARIABLE = YES;
				MACOSX_DEPLOYMENT_TARGET = 10.12;
				MTL_ENABLE_DEBUG_INFO = NO;
				SDKROOT = macosx;
				SWIFT_OPTIMIZATION_LEVEL = "-Owholemodule";
			};
			name = Release;
		};
		FA0A0D741D5FB07100878046 /* Debug */ = {
			isa = XCBuildConfiguration;
			buildSettings = {
				ASSETCATALOG_COMPILER_APPICON_NAME = AppIcon;
				COMBINE_HIDPI_IMAGES = YES;
				DEVELOPMENT_TEAM = FDEPQUD75A;
				INFOPLIST_FILE = Mafia/Info.plist;
				LD_RUNPATH_SEARCH_PATHS = "$(inherited) @executable_path/../Frameworks";
				PRODUCT_BUNDLE_IDENTIFIER = me.studnicka.Mafia;
				PRODUCT_NAME = "$(TARGET_NAME)";
				SWIFT_VERSION = 3.0;
			};
			name = Debug;
		};
		FA0A0D751D5FB07100878046 /* Release */ = {
			isa = XCBuildConfiguration;
			buildSettings = {
				ASSETCATALOG_COMPILER_APPICON_NAME = AppIcon;
				COMBINE_HIDPI_IMAGES = YES;
				DEVELOPMENT_TEAM = FDEPQUD75A;
				INFOPLIST_FILE = Mafia/Info.plist;
				LD_RUNPATH_SEARCH_PATHS = "$(inherited) @executable_path/../Frameworks";
				PRODUCT_BUNDLE_IDENTIFIER = me.studnicka.Mafia;
				PRODUCT_NAME = "$(TARGET_NAME)";
				SWIFT_VERSION = 3.0;
			};
			name = Release;
		};
/* End XCBuildConfiguration section */

/* Begin XCConfigurationList section */
		FA0A0D5B1D5FB07100878046 /* Build configuration list for PBXProject "Mafia" */ = {
			isa = XCConfigurationList;
			buildConfigurations = (
				FA0A0D711D5FB07100878046 /* Debug */,
				FA0A0D721D5FB07100878046 /* Release */,
			);
			defaultConfigurationIsVisible = 0;
			defaultConfigurationName = Release;
		};
		FA0A0D731D5FB07100878046 /* Build configuration list for PBXNativeTarget "Mafia" */ = {
			isa = XCConfigurationList;
			buildConfigurations = (
				FA0A0D741D5FB07100878046 /* Debug */,
				FA0A0D751D5FB07100878046 /* Release */,
			);
			defaultConfigurationIsVisible = 0;
		};
/* End XCConfigurationList section */
	};
	rootObject = FA0A0D581D5FB07100878046 /* Project object */;
}
